
Microsoft Visual Studio Solution File, Format Version 12.00
# Visual Studio Version 17
VisualStudioVersion = 17.0.31903.59
MinimumVisualStudioVersion = 10.0.40219.1
Project("{2150E333-8FDC-42A3-9474-1A3956D46DE8}") = "src", "src", "{C56E53F3-2F45-4352-BBED-827A91DCA003}"
EndProject
Project("{2150E333-8FDC-42A3-9474-1A3956D46DE8}") = "build", "build", "{BAD904AD-4F46-4A98-AB2F-158F6F7453C5}"
	ProjectSection(SolutionItems) = preProject
		Directory.Build.props = Directory.Build.props
	EndProjectSection
EndProject
Project("{2150E333-8FDC-42A3-9474-1A3956D46DE8}") = "apps", "apps", "{9142DC77-5CC9-423F-BA52-446815FA3D21}"
EndProject
Project("{2150E333-8FDC-42A3-9474-1A3956D46DE8}") = "apis", "apis", "{1983A2A9-8620-4F4C-A297-E599D9C7386E}"
	ProjectSection(SolutionItems) = preProject
		apis\http-client.env.json = apis\http-client.env.json
		apis\Ordering.http = apis\Ordering.http
	EndProjectSection
EndProject
Project("{FAE04EC0-301F-11D3-BF4B-00C04F79EFBC}") = "GetOrder", "src\apps\GetOrder\GetOrder.csproj", "{E8EE7291-B6E4-433F-B302-50AC2F69A0B5}"
EndProject
Project("{FAE04EC0-301F-11D3-BF4B-00C04F79EFBC}") = "CreateOrder", "src\apps\CreateOrder\CreateOrder.csproj", "{C5E281B6-2684-43D0-BC74-55D040C2DDB9}"
EndProject
Project("{2150E333-8FDC-42A3-9474-1A3956D46DE8}") = "libs", "libs", "{0E564744-1240-4E97-B359-193670586893}"
EndProject
Project("{FAE04EC0-301F-11D3-BF4B-00C04F79EFBC}") = "Persistence", "src\libs\Persistence\Persistence.csproj", "{EFF3CA64-3D86-4E5D-8D02-CE39CD29098C}"
EndProject
Project("{FAE04EC0-301F-11D3-BF4B-00C04F79EFBC}") = "Infrastructure", "src\libs\Infrastructure\Infrastructure.csproj", "{5318C5B2-208E-4285-B0DB-D0516A5857BC}"
EndProject
Project("{FAE04EC0-301F-11D3-BF4B-00C04F79EFBC}") = "Domain", "src\libs\Domain\Domain.csproj", "{223D902E-998F-42B5-A0C6-E10556DE79B7}"
EndProject
Project("{FAE04EC0-301F-11D3-BF4B-00C04F79EFBC}") = "Framework", "src\libs\Framework\Framework.csproj", "{9C151C00-26D8-4FAE-BD31-174C3E06D38D}"
EndProject
Project("{FAE04EC0-301F-11D3-BF4B-00C04F79EFBC}") = "Application", "src\libs\Application\Application.csproj", "{747E2387-FC10-4115-9D9C-8DB4DFA88298}"
EndProject
Project("{FAE04EC0-301F-11D3-BF4B-00C04F79EFBC}") = "OutboxProcessor", "src\apps\OutboxProcessor\OutboxProcessor.csproj", "{8704278A-5141-49CD-A4F1-1C8742EBA413}"
EndProject
Project("{FAE04EC0-301F-11D3-BF4B-00C04F79EFBC}") = "OrderRequestedProcessor", "src\apps\OrderRequestedProcessor\OrderRequestedProcessor.csproj", "{05032AF3-BD5A-4A3E-8621-48AB4D46E729}"
EndProject
Project("{FAE04EC0-301F-11D3-BF4B-00C04F79EFBC}") = "InboxProcessor", "src\apps\InboxProcessor\InboxProcessor.csproj", "{1A23C48A-607F-41C7-B9A2-CCBE7FB9564E}"
EndProject
Global
	GlobalSection(SolutionConfigurationPlatforms) = preSolution
		Debug|Any CPU = Debug|Any CPU
		Release|Any CPU = Release|Any CPU
	EndGlobalSection
	GlobalSection(SolutionProperties) = preSolution
		HideSolutionNode = FALSE
	EndGlobalSection
	GlobalSection(NestedProjects) = preSolution
		{9142DC77-5CC9-423F-BA52-446815FA3D21} = {C56E53F3-2F45-4352-BBED-827A91DCA003}
		{E8EE7291-B6E4-433F-B302-50AC2F69A0B5} = {9142DC77-5CC9-423F-BA52-446815FA3D21}
		{C5E281B6-2684-43D0-BC74-55D040C2DDB9} = {9142DC77-5CC9-423F-BA52-446815FA3D21}
		{0E564744-1240-4E97-B359-193670586893} = {C56E53F3-2F45-4352-BBED-827A91DCA003}
		{EFF3CA64-3D86-4E5D-8D02-CE39CD29098C} = {0E564744-1240-4E97-B359-193670586893}
		{5318C5B2-208E-4285-B0DB-D0516A5857BC} = {0E564744-1240-4E97-B359-193670586893}
		{223D902E-998F-42B5-A0C6-E10556DE79B7} = {0E564744-1240-4E97-B359-193670586893}
		{9C151C00-26D8-4FAE-BD31-174C3E06D38D} = {0E564744-1240-4E97-B359-193670586893}
		{747E2387-FC10-4115-9D9C-8DB4DFA88298} = {0E564744-1240-4E97-B359-193670586893}
		{8704278A-5141-49CD-A4F1-1C8742EBA413} = {9142DC77-5CC9-423F-BA52-446815FA3D21}
		{05032AF3-BD5A-4A3E-8621-48AB4D46E729} = {9142DC77-5CC9-423F-BA52-446815FA3D21}
		{1A23C48A-607F-41C7-B9A2-CCBE7FB9564E} = {9142DC77-5CC9-423F-BA52-446815FA3D21}
	EndGlobalSection
	GlobalSection(ProjectConfigurationPlatforms) = postSolution
		{E8EE7291-B6E4-433F-B302-50AC2F69A0B5}.Debug|Any CPU.ActiveCfg = Debug|Any CPU
		{E8EE7291-B6E4-433F-B302-50AC2F69A0B5}.Debug|Any CPU.Build.0 = Debug|Any CPU
		{E8EE7291-B6E4-433F-B302-50AC2F69A0B5}.Release|Any CPU.ActiveCfg = Release|Any CPU
		{E8EE7291-B6E4-433F-B302-50AC2F69A0B5}.Release|Any CPU.Build.0 = Release|Any CPU
		{C5E281B6-2684-43D0-BC74-55D040C2DDB9}.Debug|Any CPU.ActiveCfg = Debug|Any CPU
		{C5E281B6-2684-43D0-BC74-55D040C2DDB9}.Debug|Any CPU.Build.0 = Debug|Any CPU
		{C5E281B6-2684-43D0-BC74-55D040C2DDB9}.Release|Any CPU.ActiveCfg = Release|Any CPU
		{C5E281B6-2684-43D0-BC74-55D040C2DDB9}.Release|Any CPU.Build.0 = Release|Any CPU
		{EFF3CA64-3D86-4E5D-8D02-CE39CD29098C}.Debug|Any CPU.ActiveCfg = Debug|Any CPU
		{EFF3CA64-3D86-4E5D-8D02-CE39CD29098C}.Debug|Any CPU.Build.0 = Debug|Any CPU
		{EFF3CA64-3D86-4E5D-8D02-CE39CD29098C}.Release|Any CPU.ActiveCfg = Release|Any CPU
		{EFF3CA64-3D86-4E5D-8D02-CE39CD29098C}.Release|Any CPU.Build.0 = Release|Any CPU
		{5318C5B2-208E-4285-B0DB-D0516A5857BC}.Debug|Any CPU.ActiveCfg = Debug|Any CPU
		{5318C5B2-208E-4285-B0DB-D0516A5857BC}.Debug|Any CPU.Build.0 = Debug|Any CPU
		{5318C5B2-208E-4285-B0DB-D0516A5857BC}.Release|Any CPU.ActiveCfg = Release|Any CPU
		{5318C5B2-208E-4285-B0DB-D0516A5857BC}.Release|Any CPU.Build.0 = Release|Any CPU
		{223D902E-998F-42B5-A0C6-E10556DE79B7}.Debug|Any CPU.ActiveCfg = Debug|Any CPU
		{223D902E-998F-42B5-A0C6-E10556DE79B7}.Debug|Any CPU.Build.0 = Debug|Any CPU
		{223D902E-998F-42B5-A0C6-E10556DE79B7}.Release|Any CPU.ActiveCfg = Release|Any CPU
		{223D902E-998F-42B5-A0C6-E10556DE79B7}.Release|Any CPU.Build.0 = Release|Any CPU
		{9C151C00-26D8-4FAE-BD31-174C3E06D38D}.Debug|Any CPU.ActiveCfg = Debug|Any CPU
		{9C151C00-26D8-4FAE-BD31-174C3E06D38D}.Debug|Any CPU.Build.0 = Debug|Any CPU
		{9C151C00-26D8-4FAE-BD31-174C3E06D38D}.Release|Any CPU.ActiveCfg = Release|Any CPU
		{9C151C00-26D8-4FAE-BD31-174C3E06D38D}.Release|Any CPU.Build.0 = Release|Any CPU
		{747E2387-FC10-4115-9D9C-8DB4DFA88298}.Debug|Any CPU.ActiveCfg = Debug|Any CPU
		{747E2387-FC10-4115-9D9C-8DB4DFA88298}.Debug|Any CPU.Build.0 = Debug|Any CPU
		{747E2387-FC10-4115-9D9C-8DB4DFA88298}.Release|Any CPU.ActiveCfg = Release|Any CPU
		{747E2387-FC10-4115-9D9C-8DB4DFA88298}.Release|Any CPU.Build.0 = Release|Any CPU
		{8704278A-5141-49CD-A4F1-1C8742EBA413}.Debug|Any CPU.ActiveCfg = Debug|Any CPU
		{8704278A-5141-49CD-A4F1-1C8742EBA413}.Debug|Any CPU.Build.0 = Debug|Any CPU
		{8704278A-5141-49CD-A4F1-1C8742EBA413}.Release|Any CPU.ActiveCfg = Release|Any CPU
		{8704278A-5141-49CD-A4F1-1C8742EBA413}.Release|Any CPU.Build.0 = Release|Any CPU
		{05032AF3-BD5A-4A3E-8621-48AB4D46E729}.Debug|Any CPU.ActiveCfg = Debug|Any CPU
		{05032AF3-BD5A-4A3E-8621-48AB4D46E729}.Debug|Any CPU.Build.0 = Debug|Any CPU
		{05032AF3-BD5A-4A3E-8621-48AB4D46E729}.Release|Any CPU.ActiveCfg = Release|Any CPU
		{05032AF3-BD5A-4A3E-8621-48AB4D46E729}.Release|Any CPU.Build.0 = Release|Any CPU
		{1A23C48A-607F-41C7-B9A2-CCBE7FB9564E}.Debug|Any CPU.ActiveCfg = Debug|Any CPU
		{1A23C48A-607F-41C7-B9A2-CCBE7FB9564E}.Debug|Any CPU.Build.0 = Debug|Any CPU
		{1A23C48A-607F-41C7-B9A2-CCBE7FB9564E}.Release|Any CPU.ActiveCfg = Release|Any CPU
		{1A23C48A-607F-41C7-B9A2-CCBE7FB9564E}.Release|Any CPU.Build.0 = Release|Any CPU
	EndGlobalSection
EndGlobal
